// !$*UTF8*$!
{
	archiveVersion = 1;
	classes = {
	};
	objectVersion = 56;
	objects = {

/* Begin PBXBuildFile section */
		43270AFF2AE31DB90029BD66 /* RealityKitContent in Frameworks */ = {isa = PBXBuildFile; productRef = 43270AFE2AE31DB90029BD66 /* RealityKitContent */; };
		43270B012AE31DB90029BD66 /* MoonshotApp.swift in Sources */ = {isa = PBXBuildFile; fileRef = 43270B002AE31DB90029BD66 /* MoonshotApp.swift */; };
		43270B032AE31DB90029BD66 /* ContentView.swift in Sources */ = {isa = PBXBuildFile; fileRef = 43270B022AE31DB90029BD66 /* ContentView.swift */; };
		43270B052AE31DBA0029BD66 /* Assets.xcassets in Resources */ = {isa = PBXBuildFile; fileRef = 43270B042AE31DBA0029BD66 /* Assets.xcassets */; };
		43270B082AE31DBA0029BD66 /* Preview Assets.xcassets in Resources */ = {isa = PBXBuildFile; fileRef = 43270B072AE31DBA0029BD66 /* Preview Assets.xcassets */; };
		43270B122AE35E510029BD66 /* Poster.jpg in Resources */ = {isa = PBXBuildFile; fileRef = 43270B112AE35E510029BD66 /* Poster.jpg */; };
		43270B142AE372230029BD66 /* Astronaut.swift in Sources */ = {isa = PBXBuildFile; fileRef = 43270B132AE372230029BD66 /* Astronaut.swift */; };
		43270B162AE3725F0029BD66 /* Bundle-Decodable.swift in Sources */ = {isa = PBXBuildFile; fileRef = 43270B152AE3725F0029BD66 /* Bundle-Decodable.swift */; };
		43270B182AE374CE0029BD66 /* astronauts.json in Resources */ = {isa = PBXBuildFile; fileRef = 43270B172AE374CE0029BD66 /* astronauts.json */; };
		43270B1A2AE374DA0029BD66 /* missions.json in Resources */ = {isa = PBXBuildFile; fileRef = 43270B192AE374DA0029BD66 /* missions.json */; };
		43270B1C2AE432290029BD66 /* Mission.swift in Sources */ = {isa = PBXBuildFile; fileRef = 43270B1B2AE432290029BD66 /* Mission.swift */; };
		437F438D2AE56FC000DDFD20 /* Color-Theme.swift in Sources */ = {isa = PBXBuildFile; fileRef = 437F438C2AE56FC000DDFD20 /* Color-Theme.swift */; };
		437F438F2AE580D400DDFD20 /* MissionView.swift in Sources */ = {isa = PBXBuildFile; fileRef = 437F438E2AE580D400DDFD20 /* MissionView.swift */; };
		437F43912AE58E1A00DDFD20 /* AstronautView.swift in Sources */ = {isa = PBXBuildFile; fileRef = 437F43902AE58E1A00DDFD20 /* AstronautView.swift */; };
/* End PBXBuildFile section */

/* Begin PBXFileReference section */
		43270AF92AE31DB90029BD66 /* Moonshot.app */ = {isa = PBXFileReference; explicitFileType = wrapper.application; includeInIndex = 0; path = Moonshot.app; sourceTree = BUILT_PRODUCTS_DIR; };
		43270AFD2AE31DB90029BD66 /* RealityKitContent */ = {isa = PBXFileReference; lastKnownFileType = wrapper; path = RealityKitContent; sourceTree = "<group>"; };
		43270B002AE31DB90029BD66 /* MoonshotApp.swift */ = {isa = PBXFileReference; lastKnownFileType = sourcecode.swift; path = MoonshotApp.swift; sourceTree = "<group>"; };
		43270B022AE31DB90029BD66 /* ContentView.swift */ = {isa = PBXFileReference; lastKnownFileType = sourcecode.swift; path = ContentView.swift; sourceTree = "<group>"; };
		43270B042AE31DBA0029BD66 /* Assets.xcassets */ = {isa = PBXFileReference; lastKnownFileType = folder.assetcatalog; path = Assets.xcassets; sourceTree = "<group>"; };
		43270B072AE31DBA0029BD66 /* Preview Assets.xcassets */ = {isa = PBXFileReference; lastKnownFileType = folder.assetcatalog; path = "Preview Assets.xcassets"; sourceTree = "<group>"; };
		43270B092AE31DBA0029BD66 /* Info.plist */ = {isa = PBXFileReference; lastKnownFileType = text.plist.xml; path = Info.plist; sourceTree = "<group>"; };
		43270B112AE35E510029BD66 /* Poster.jpg */ = {isa = PBXFileReference; lastKnownFileType = image.jpeg; name = Poster.jpg; path = ../../../../../Downloads/Poster.jpg; sourceTree = "<group>"; };
		43270B132AE372230029BD66 /* Astronaut.swift */ = {isa = PBXFileReference; lastKnownFileType = sourcecode.swift; path = Astronaut.swift; sourceTree = "<group>"; };
		43270B152AE3725F0029BD66 /* Bundle-Decodable.swift */ = {isa = PBXFileReference; lastKnownFileType = sourcecode.swift; path = "Bundle-Decodable.swift"; sourceTree = "<group>"; };
		43270B172AE374CE0029BD66 /* astronauts.json */ = {isa = PBXFileReference; fileEncoding = 4; lastKnownFileType = text.json; path = astronauts.json; sourceTree = "<group>"; };
		43270B192AE374DA0029BD66 /* missions.json */ = {isa = PBXFileReference; fileEncoding = 4; lastKnownFileType = text.json; path = missions.json; sourceTree = "<group>"; };
		43270B1B2AE432290029BD66 /* Mission.swift */ = {isa = PBXFileReference; lastKnownFileType = sourcecode.swift; path = Mission.swift; sourceTree = "<group>"; };
		437F438C2AE56FC000DDFD20 /* Color-Theme.swift */ = {isa = PBXFileReference; lastKnownFileType = sourcecode.swift; path = "Color-Theme.swift"; sourceTree = "<group>"; };
		437F438E2AE580D400DDFD20 /* MissionView.swift */ = {isa = PBXFileReference; lastKnownFileType = sourcecode.swift; path = MissionView.swift; sourceTree = "<group>"; };
		437F43902AE58E1A00DDFD20 /* AstronautView.swift */ = {isa = PBXFileReference; lastKnownFileType = sourcecode.swift; path = AstronautView.swift; sourceTree = "<group>"; };
/* End PBXFileReference section */

/* Begin PBXFrameworksBuildPhase section */
		43270AF62AE31DB90029BD66 /* Frameworks */ = {
			isa = PBXFrameworksBuildPhase;
			buildActionMask = 2147483647;
			files = (
				43270AFF2AE31DB90029BD66 /* RealityKitContent in Frameworks */,
			);
			runOnlyForDeploymentPostprocessing = 0;
		};
/* End PBXFrameworksBuildPhase section */

/* Begin PBXGroup section */
		43270AF02AE31DB90029BD66 = {
			isa = PBXGroup;
			children = (
				43270AFB2AE31DB90029BD66 /* Moonshot */,
				43270AFC2AE31DB90029BD66 /* Packages */,
				43270AFA2AE31DB90029BD66 /* Products */,
			);
			sourceTree = "<group>";
		};
		43270AFA2AE31DB90029BD66 /* Products */ = {
			isa = PBXGroup;
			children = (
				43270AF92AE31DB90029BD66 /* Moonshot.app */,
			);
			name = Products;
			sourceTree = "<group>";
		};
		43270AFB2AE31DB90029BD66 /* Moonshot */ = {
			isa = PBXGroup;
			children = (
				43270B002AE31DB90029BD66 /* MoonshotApp.swift */,
				43270B022AE31DB90029BD66 /* ContentView.swift */,
				437F438E2AE580D400DDFD20 /* MissionView.swift */,
				437F43902AE58E1A00DDFD20 /* AstronautView.swift */,
				437F438C2AE56FC000DDFD20 /* Color-Theme.swift */,
				43270B1B2AE432290029BD66 /* Mission.swift */,
				43270B132AE372230029BD66 /* Astronaut.swift */,
				43270B152AE3725F0029BD66 /* Bundle-Decodable.swift */,
				43270B042AE31DBA0029BD66 /* Assets.xcassets */,
				43270B112AE35E510029BD66 /* Poster.jpg */,
				43270B092AE31DBA0029BD66 /* Info.plist */,
				43270B192AE374DA0029BD66 /* missions.json */,
				43270B172AE374CE0029BD66 /* astronauts.json */,
				43270B062AE31DBA0029BD66 /* Preview Content */,
			);
			path = Moonshot;
			sourceTree = "<group>";
		};
		43270AFC2AE31DB90029BD66 /* Packages */ = {
			isa = PBXGroup;
			children = (
				43270AFD2AE31DB90029BD66 /* RealityKitContent */,
			);
			path = Packages;
			sourceTree = "<group>";
		};
		43270B062AE31DBA0029BD66 /* Preview Content */ = {
			isa = PBXGroup;
			children = (
				43270B072AE31DBA0029BD66 /* Preview Assets.xcassets */,
			);
			path = "Preview Content";
			sourceTree = "<group>";
		};
/* End PBXGroup section */

/* Begin PBXNativeTarget section */
		43270AF82AE31DB90029BD66 /* Moonshot */ = {
			isa = PBXNativeTarget;
			buildConfigurationList = 43270B0C2AE31DBA0029BD66 /* Build configuration list for PBXNativeTarget "Moonshot" */;
			buildPhases = (
				43270AF52AE31DB90029BD66 /* Sources */,
				43270AF62AE31DB90029BD66 /* Frameworks */,
				43270AF72AE31DB90029BD66 /* Resources */,
			);
			buildRules = (
			);
			dependencies = (
			);
			name = Moonshot;
			packageProductDependencies = (
				43270AFE2AE31DB90029BD66 /* RealityKitContent */,
			);
			productName = Moonshot;
			productReference = 43270AF92AE31DB90029BD66 /* Moonshot.app */;
			productType = "com.apple.product-type.application";
		};
/* End PBXNativeTarget section */

/* Begin PBXProject section */
		43270AF12AE31DB90029BD66 /* Project object */ = {
			isa = PBXProject;
			attributes = {
				BuildIndependentTargetsInParallel = 1;
				LastSwiftUpdateCheck = 1500;
				LastUpgradeCheck = 1500;
				TargetAttributes = {
					43270AF82AE31DB90029BD66 = {
						CreatedOnToolsVersion = 15.0;
					};
				};
			};
			buildConfigurationList = 43270AF42AE31DB90029BD66 /* Build configuration list for PBXProject "Moonshot" */;
			compatibilityVersion = "Xcode 14.0";
			developmentRegion = en;
			hasScannedForEncodings = 0;
			knownRegions = (
				en,
				Base,
			);
			mainGroup = 43270AF02AE31DB90029BD66;
			productRefGroup = 43270AFA2AE31DB90029BD66 /* Products */;
			projectDirPath = "";
			projectRoot = "";
			targets = (
				43270AF82AE31DB90029BD66 /* Moonshot */,
			);
		};
/* End PBXProject section */

/* Begin PBXResourcesBuildPhase section */
		43270AF72AE31DB90029BD66 /* Resources */ = {
			isa = PBXResourcesBuildPhase;
			buildActionMask = 2147483647;
			files = (
				43270B082AE31DBA0029BD66 /* Preview Assets.xcassets in Resources */,
				43270B1A2AE374DA0029BD66 /* missions.json in Resources */,
				43270B052AE31DBA0029BD66 /* Assets.xcassets in Resources */,
				43270B122AE35E510029BD66 /* Poster.jpg in Resources */,
				43270B182AE374CE0029BD66 /* astronauts.json in Resources */,
			);
			runOnlyForDeploymentPostprocessing = 0;
		};
/* End PBXResourcesBuildPhase section */

/* Begin PBXSourcesBuildPhase section */
		43270AF52AE31DB90029BD66 /* Sources */ = {
			isa = PBXSourcesBuildPhase;
			buildActionMask = 2147483647;
			files = (
				437F438F2AE580D400DDFD20 /* MissionView.swift in Sources */,
				43270B142AE372230029BD66 /* Astronaut.swift in Sources */,
				437F43912AE58E1A00DDFD20 /* AstronautView.swift in Sources */,
				437F438D2AE56FC000DDFD20 /* Color-Theme.swift in Sources */,
				43270B032AE31DB90029BD66 /* ContentView.swift in Sources */,
				43270B012AE31DB90029BD66 /* MoonshotApp.swift in Sources */,
				43270B1C2AE432290029BD66 /* Mission.swift in Sources */,
				43270B162AE3725F0029BD66 /* Bundle-Decodable.swift in Sources */,
			);
			runOnlyForDeploymentPostprocessing = 0;
		};
/* End PBXSourcesBuildPhase section */

/* Begin XCBuildConfiguration section */
		43270B0A2AE31DBA0029BD66 /* Debug */ = {
			isa = XCBuildConfiguration;
			buildSettings = {
				ALWAYS_SEARCH_USER_PATHS = NO;
				ASSETCATALOG_COMPILER_GENERATE_SWIFT_ASSET_SYMBOL_EXTENSIONS = YES;
				CLANG_ANALYZER_NONNULL = YES;
				CLANG_ANALYZER_NUMBER_OBJECT_CONVERSION = YES_AGGRESSIVE;
				CLANG_CXX_LANGUAGE_STANDARD = "gnu++20";
				CLANG_ENABLE_MODULES = YES;
				CLANG_ENABLE_OBJC_ARC = YES;
				CLANG_ENABLE_OBJC_WEAK = YES;
				CLANG_WARN_BLOCK_CAPTURE_AUTORELEASING = YES;
				CLANG_WARN_BOOL_CONVERSION = YES;
				CLANG_WARN_COMMA = YES;
				CLANG_WARN_CONSTANT_CONVERSION = YES;
				CLANG_WARN_DEPRECATED_OBJC_IMPLEMENTATIONS = YES;
				CLANG_WARN_DIRECT_OBJC_ISA_USAGE = YES_ERROR;
				CLANG_WARN_DOCUMENTATION_COMMENTS = YES;
				CLANG_WARN_EMPTY_BODY = YES;
				CLANG_WARN_ENUM_CONVERSION = YES;
				CLANG_WARN_INFINITE_RECURSION = YES;
				CLANG_WARN_INT_CONVERSION = YES;
				CLANG_WARN_NON_LITERAL_NULL_CONVERSION = YES;
				CLANG_WARN_OBJC_IMPLICIT_RETAIN_SELF = YES;
				CLANG_WARN_OBJC_LITERAL_CONVERSION = YES;
				CLANG_WARN_OBJC_ROOT_CLASS = YES_ERROR;
				CLANG_WARN_QUOTED_INCLUDE_IN_FRAMEWORK_HEADER = YES;
				CLANG_WARN_RANGE_LOOP_ANALYSIS = YES;
				CLANG_WARN_STRICT_PROTOTYPES = YES;
				CLANG_WARN_SUSPICIOUS_MOVE = YES;
				CLANG_WARN_UNGUARDED_AVAILABILITY = YES_AGGRESSIVE;
				CLANG_WARN_UNREACHABLE_CODE = YES;
				CLANG_WARN__DUPLICATE_METHOD_MATCH = YES;
				COPY_PHASE_STRIP = NO;
				DEBUG_INFORMATION_FORMAT = dwarf;
				ENABLE_STRICT_OBJC_MSGSEND = YES;
				ENABLE_TESTABILITY = YES;
				ENABLE_USER_SCRIPT_SANDBOXING = YES;
				GCC_C_LANGUAGE_STANDARD = gnu17;
				GCC_DYNAMIC_NO_PIC = NO;
				GCC_NO_COMMON_BLOCKS = YES;
				GCC_OPTIMIZATION_LEVEL = 0;
				GCC_PREPROCESSOR_DEFINITIONS = (
					"DEBUG=1",
					"$(inherited)",
				);
				GCC_WARN_64_TO_32_BIT_CONVERSION = YES;
				GCC_WARN_ABOUT_RETURN_TYPE = YES_ERROR;
				GCC_WARN_UNDECLARED_SELECTOR = YES;
				GCC_WARN_UNINITIALIZED_AUTOS = YES_AGGRESSIVE;
				GCC_WARN_UNUSED_FUNCTION = YES;
				GCC_WARN_UNUSED_VARIABLE = YES;
				LOCALIZATION_PREFERS_STRING_CATALOGS = YES;
				MTL_ENABLE_DEBUG_INFO = INCLUDE_SOURCE;
				MTL_FAST_MATH = YES;
				ONLY_ACTIVE_ARCH = YES;
				SDKROOT = xros;
				SWIFT_ACTIVE_COMPILATION_CONDITIONS = "DEBUG $(inherited)";
				SWIFT_OPTIMIZATION_LEVEL = "-Onone";
				XROS_DEPLOYMENT_TARGET = 1.0;
			};
			name = Debug;
		};
		43270B0B2AE31DBA0029BD66 /* Release */ = {
			isa = XCBuildConfiguration;
			buildSettings = {
				ALWAYS_SEARCH_USER_PATHS = NO;
				ASSETCATALOG_COMPILER_GENERATE_SWIFT_ASSET_SYMBOL_EXTENSIONS = YES;
				CLANG_ANALYZER_NONNULL = YES;
				CLANG_ANALYZER_NUMBER_OBJECT_CONVERSION = YES_AGGRESSIVE;
				CLANG_CXX_LANGUAGE_STANDARD = "gnu++20";
				CLANG_ENABLE_MODULES = YES;
				CLANG_ENABLE_OBJC_ARC = YES;
				CLANG_ENABLE_OBJC_WEAK = YES;
				CLANG_WARN_BLOCK_CAPTURE_AUTORELEASING = YES;
				CLANG_WARN_BOOL_CONVERSION = YES;
				CLANG_WARN_COMMA = YES;
				CLANG_WARN_CONSTANT_CONVERSION = YES;
				CLANG_WARN_DEPRECATED_OBJC_IMPLEMENTATIONS = YES;
				CLANG_WARN_DIRECT_OBJC_ISA_USAGE = YES_ERROR;
				CLANG_WARN_DOCUMENTATION_COMMENTS = YES;
				CLANG_WARN_EMPTY_BODY = YES;
				CLANG_WARN_ENUM_CONVERSION = YES;
				CLANG_WARN_INFINITE_RECURSION = YES;
				CLANG_WARN_INT_CONVERSION = YES;
				CLANG_WARN_NON_LITERAL_NULL_CONVERSION = YES;
				CLANG_WARN_OBJC_IMPLICIT_RETAIN_SELF = YES;
				CLANG_WARN_OBJC_LITERAL_CONVERSION = YES;
				CLANG_WARN_OBJC_ROOT_CLASS = YES_ERROR;
				CLANG_WARN_QUOTED_INCLUDE_IN_FRAMEWORK_HEADER = YES;
				CLANG_WARN_RANGE_LOOP_ANALYSIS = YES;
				CLANG_WARN_STRICT_PROTOTYPES = YES;
				CLANG_WARN_SUSPICIOUS_MOVE = YES;
				CLANG_WARN_UNGUARDED_AVAILABILITY = YES_AGGRESSIVE;
				CLANG_WARN_UNREACHABLE_CODE = YES;
				CLANG_WARN__DUPLICATE_METHOD_MATCH = YES;
				COPY_PHASE_STRIP = NO;
				DEBUG_INFORMATION_FORMAT = "dwarf-with-dsym";
				ENABLE_NS_ASSERTIONS = NO;
				ENABLE_STRICT_OBJC_MSGSEND = YES;
				ENABLE_USER_SCRIPT_SANDBOXING = YES;
				GCC_C_LANGUAGE_STANDARD = gnu17;
				GCC_NO_COMMON_BLOCKS = YES;
				GCC_WARN_64_TO_32_BIT_CONVERSION = YES;
				GCC_WARN_ABOUT_RETURN_TYPE = YES_ERROR;
				GCC_WARN_UNDECLARED_SELECTOR = YES;
				GCC_WARN_UNINITIALIZED_AUTOS = YES_AGGRESSIVE;
				GCC_WARN_UNUSED_FUNCTION = YES;
				GCC_WARN_UNUSED_VARIABLE = YES;
				LOCALIZATION_PREFERS_STRING_CATALOGS = YES;
				MTL_ENABLE_DEBUG_INFO = NO;
				MTL_FAST_MATH = YES;
				SDKROOT = xros;
				SWIFT_COMPILATION_MODE = wholemodule;
				VALIDATE_PRODUCT = YES;
				XROS_DEPLOYMENT_TARGET = 1.0;
			};
			name = Release;
		};
		43270B0D2AE31DBA0029BD66 /* Debug */ = {
			isa = XCBuildConfiguration;
			buildSettings = {
				ASSETCATALOG_COMPILER_APPICON_NAME = AppIcon;
				ASSETCATALOG_COMPILER_GLOBAL_ACCENT_COLOR_NAME = AccentColor;
				CODE_SIGN_STYLE = Automatic;
				CURRENT_PROJECT_VERSION = 1;
				DEVELOPMENT_ASSET_PATHS = "\"Moonshot/Preview Content\"";
				ENABLE_PREVIEWS = YES;
				GENERATE_INFOPLIST_FILE = YES;
				INFOPLIST_FILE = "$(TARGET_NAME)/Info.plist";
				LD_RUNPATH_SEARCH_PATHS = (
					"$(inherited)",
					"@executable_path/Frameworks",
				);
				MARKETING_VERSION = 1.0;
				PRODUCT_BUNDLE_IDENTIFIER = org.newschematic.Moonshot;
				PRODUCT_NAME = "$(TARGET_NAME)";
				SUPPORTED_PLATFORMS = "xros xrsimulator";
				SWIFT_EMIT_LOC_STRINGS = YES;
				SWIFT_VERSION = 5.0;
				TARGETED_DEVICE_FAMILY = "1,2,7";
			};
			name = Debug;
		};
		43270B0E2AE31DBA0029BD66 /* Release */ = {
			isa = XCBuildConfiguration;
			buildSettings = {
				ASSETCATALOG_COMPILER_APPICON_NAME = AppIcon;
				ASSETCATALOG_COMPILER_GLOBAL_ACCENT_COLOR_NAME = AccentColor;
				CODE_SIGN_STYLE = Automatic;
				CURRENT_PROJECT_VERSION = 1;
				DEVELOPMENT_ASSET_PATHS = "\"Moonshot/Preview Content\"";
				ENABLE_PREVIEWS = YES;
				GENERATE_INFOPLIST_FILE = YES;
				INFOPLIST_FILE = "$(TARGET_NAME)/Info.plist";
				LD_RUNPATH_SEARCH_PATHS = (
					"$(inherited)",
					"@executable_path/Frameworks",
				);
				MARKETING_VERSION = 1.0;
				PRODUCT_BUNDLE_IDENTIFIER = org.newschematic.Moonshot;
				PRODUCT_NAME = "$(TARGET_NAME)";
				SUPPORTED_PLATFORMS = "xros xrsimulator";
				SWIFT_EMIT_LOC_STRINGS = YES;
				SWIFT_VERSION = 5.0;
				TARGETED_DEVICE_FAMILY = "1,2,7";
			};
			name = Release;
		};
/* End XCBuildConfiguration section */

/* Begin XCConfigurationList section */
		43270AF42AE31DB90029BD66 /* Build configuration list for PBXProject "Moonshot" */ = {
			isa = XCConfigurationList;
			buildConfigurations = (
				43270B0A2AE31DBA0029BD66 /* Debug */,
				43270B0B2AE31DBA0029BD66 /* Release */,
			);
			defaultConfigurationIsVisible = 0;
			defaultConfigurationName = Release;
		};
		43270B0C2AE31DBA0029BD66 /* Build configuration list for PBXNativeTarget "Moonshot" */ = {
			isa = XCConfigurationList;
			buildConfigurations = (
				43270B0D2AE31DBA0029BD66 /* Debug */,
				43270B0E2AE31DBA0029BD66 /* Release */,
			);
			defaultConfigurationIsVisible = 0;
			defaultConfigurationName = Release;
		};
/* End XCConfigurationList section */

/* Begin XCSwiftPackageProductDependency section */
		43270AFE2AE31DB90029BD66 /* RealityKitContent */ = {
			isa = XCSwiftPackageProductDependency;
			productName = RealityKitContent;
		};
/* End XCSwiftPackageProductDependency section */
	};
	rootObject = 43270AF12AE31DB90029BD66 /* Project object */;
}
